
Microsoft Visual Studio Solution File, Format Version 12.00
# Visual Studio Version 17
VisualStudioVersion = 17.10.34818.151
MinimumVisualStudioVersion = 10.0.40219.1
Project("{FAE04EC0-301F-11D3-BF4B-00C04F79EFBC}") = "CreatingAndRunningThread", "CreatingAndRunningThread.csproj", "{73C6E7DB-4679-4B49-A9A5-E675A59E9FA0}"
EndProject
Global
	GlobalSection(SolutionConfigurationPlatforms) = preSolution
		Debug|Any CPU = Debug|Any CPU
		Release|Any CPU = Release|Any CPU
	EndGlobalSection
	GlobalSection(ProjectConfigurationPlatforms) = postSolution
		{73C6E7DB-4679-4B49-A9A5-E675A59E9FA0}.Debug|Any CPU.ActiveCfg = Debug|Any CPU
		{73C6E7DB-4679-4B49-A9A5-E675A59E9FA0}.Debug|Any CPU.Build.0 = Debug|Any CPU
		{73C6E7DB-4679-4B49-A9A5-E675A59E9FA0}.Release|Any CPU.ActiveCfg = Release|Any CPU
		{73C6E7DB-4679-4B49-A9A5-E675A59E9FA0}.Release|Any CPU.Build.0 = Release|Any CPU
	EndGlobalSection
	GlobalSection(SolutionProperties) = preSolution
		HideSolutionNode = FALSE
	EndGlobalSection
	GlobalSection(ExtensibilityGlobals) = postSolution
		SolutionGuid = {B5E77686-7859-4B90-958E-576FD56628A8}
	EndGlobalSection
EndGlobal
