
Microsoft Visual Studio Solution File, Format Version 12.00
# Visual Studio Version 17
VisualStudioVersion = 17.10.34818.151
MinimumVisualStudioVersion = 10.0.40219.1
Project("{FAE04EC0-301F-11D3-BF4B-00C04F79EFBC}") = "findMode", "findMode.csproj", "{65CE0033-1E60-4473-84FB-B70CA648A358}"
EndProject
Global
	GlobalSection(SolutionConfigurationPlatforms) = preSolution
		Debug|Any CPU = Debug|Any CPU
		Release|Any CPU = Release|Any CPU
	EndGlobalSection
	GlobalSection(ProjectConfigurationPlatforms) = postSolution
		{65CE0033-1E60-4473-84FB-B70CA648A358}.Debug|Any CPU.ActiveCfg = Debug|Any CPU
		{65CE0033-1E60-4473-84FB-B70CA648A358}.Debug|Any CPU.Build.0 = Debug|Any CPU
		{65CE0033-1E60-4473-84FB-B70CA648A358}.Release|Any CPU.ActiveCfg = Release|Any CPU
		{65CE0033-1E60-4473-84FB-B70CA648A358}.Release|Any CPU.Build.0 = Release|Any CPU
	EndGlobalSection
	GlobalSection(SolutionProperties) = preSolution
		HideSolutionNode = FALSE
	EndGlobalSection
	GlobalSection(ExtensibilityGlobals) = postSolution
		SolutionGuid = {7B3F8659-7B99-4BE3-A84A-819FC6F47900}
	EndGlobalSection
EndGlobal
