
Microsoft Visual Studio Solution File, Format Version 12.00
# Visual Studio Version 17
VisualStudioVersion = 17.10.34902.84
MinimumVisualStudioVersion = 10.0.40219.1
Project("{FAE04EC0-301F-11D3-BF4B-00C04F79EFBC}") = "bookstuff", "bookstuff.csproj", "{93CE40CF-9206-4ECF-8607-CA6775F53C17}"
EndProject
Global
	GlobalSection(SolutionConfigurationPlatforms) = preSolution
		Debug|Any CPU = Debug|Any CPU
		Release|Any CPU = Release|Any CPU
	EndGlobalSection
	GlobalSection(ProjectConfigurationPlatforms) = postSolution
		{93CE40CF-9206-4ECF-8607-CA6775F53C17}.Debug|Any CPU.ActiveCfg = Debug|Any CPU
		{93CE40CF-9206-4ECF-8607-CA6775F53C17}.Debug|Any CPU.Build.0 = Debug|Any CPU
		{93CE40CF-9206-4ECF-8607-CA6775F53C17}.Release|Any CPU.ActiveCfg = Release|Any CPU
		{93CE40CF-9206-4ECF-8607-CA6775F53C17}.Release|Any CPU.Build.0 = Release|Any CPU
	EndGlobalSection
	GlobalSection(SolutionProperties) = preSolution
		HideSolutionNode = FALSE
	EndGlobalSection
	GlobalSection(ExtensibilityGlobals) = postSolution
		SolutionGuid = {97A59C28-02D4-4F9E-91B5-02EE198F7AAD}
	EndGlobalSection
EndGlobal
