
Microsoft Visual Studio Solution File, Format Version 12.00
# Visual Studio Version 17
VisualStudioVersion = 17.10.34818.151
MinimumVisualStudioVersion = 10.0.40219.1
Project("{FAE04EC0-301F-11D3-BF4B-00C04F79EFBC}") = "SolveLinear", "SolveLinear.csproj", "{367CDE33-9715-4709-9BD4-FC82B5622BA1}"
EndProject
Global
	GlobalSection(SolutionConfigurationPlatforms) = preSolution
		Debug|Any CPU = Debug|Any CPU
		Release|Any CPU = Release|Any CPU
	EndGlobalSection
	GlobalSection(ProjectConfigurationPlatforms) = postSolution
		{367CDE33-9715-4709-9BD4-FC82B5622BA1}.Debug|Any CPU.ActiveCfg = Debug|Any CPU
		{367CDE33-9715-4709-9BD4-FC82B5622BA1}.Debug|Any CPU.Build.0 = Debug|Any CPU
		{367CDE33-9715-4709-9BD4-FC82B5622BA1}.Release|Any CPU.ActiveCfg = Release|Any CPU
		{367CDE33-9715-4709-9BD4-FC82B5622BA1}.Release|Any CPU.Build.0 = Release|Any CPU
	EndGlobalSection
	GlobalSection(SolutionProperties) = preSolution
		HideSolutionNode = FALSE
	EndGlobalSection
	GlobalSection(ExtensibilityGlobals) = postSolution
		SolutionGuid = {DE1E3F0B-C42E-4474-95FC-89FCCC09E801}
	EndGlobalSection
EndGlobal
