
Microsoft Visual Studio Solution File, Format Version 12.00
# Visual Studio Version 17
VisualStudioVersion = 17.10.34818.151
MinimumVisualStudioVersion = 10.0.40219.1
Project("{FAE04EC0-301F-11D3-BF4B-00C04F79EFBC}") = "dice5000", "dice5000.csproj", "{FE6BBA38-1C7E-4CE4-AD18-48DF8473F20A}"
EndProject
Global
	GlobalSection(SolutionConfigurationPlatforms) = preSolution
		Debug|Any CPU = Debug|Any CPU
		Release|Any CPU = Release|Any CPU
	EndGlobalSection
	GlobalSection(ProjectConfigurationPlatforms) = postSolution
		{FE6BBA38-1C7E-4CE4-AD18-48DF8473F20A}.Debug|Any CPU.ActiveCfg = Debug|Any CPU
		{FE6BBA38-1C7E-4CE4-AD18-48DF8473F20A}.Debug|Any CPU.Build.0 = Debug|Any CPU
		{FE6BBA38-1C7E-4CE4-AD18-48DF8473F20A}.Release|Any CPU.ActiveCfg = Release|Any CPU
		{FE6BBA38-1C7E-4CE4-AD18-48DF8473F20A}.Release|Any CPU.Build.0 = Release|Any CPU
	EndGlobalSection
	GlobalSection(SolutionProperties) = preSolution
		HideSolutionNode = FALSE
	EndGlobalSection
	GlobalSection(ExtensibilityGlobals) = postSolution
		SolutionGuid = {DB3E9A83-3A89-4030-A7CD-197CC3EA938D}
	EndGlobalSection
EndGlobal
