
Microsoft Visual Studio Solution File, Format Version 12.00
# Visual Studio Version 17
VisualStudioVersion = 17.10.34902.84
MinimumVisualStudioVersion = 10.0.40219.1
Project("{FAE04EC0-301F-11D3-BF4B-00C04F79EFBC}") = "Pepii", "Pepii.csproj", "{79F81EAD-4373-427B-BEE6-E127D7BB90AD}"
EndProject
Global
	GlobalSection(SolutionConfigurationPlatforms) = preSolution
		Debug|Any CPU = Debug|Any CPU
		Release|Any CPU = Release|Any CPU
	EndGlobalSection
	GlobalSection(ProjectConfigurationPlatforms) = postSolution
		{79F81EAD-4373-427B-BEE6-E127D7BB90AD}.Debug|Any CPU.ActiveCfg = Debug|Any CPU
		{79F81EAD-4373-427B-BEE6-E127D7BB90AD}.Debug|Any CPU.Build.0 = Debug|Any CPU
		{79F81EAD-4373-427B-BEE6-E127D7BB90AD}.Release|Any CPU.ActiveCfg = Release|Any CPU
		{79F81EAD-4373-427B-BEE6-E127D7BB90AD}.Release|Any CPU.Build.0 = Release|Any CPU
	EndGlobalSection
	GlobalSection(SolutionProperties) = preSolution
		HideSolutionNode = FALSE
	EndGlobalSection
	GlobalSection(ExtensibilityGlobals) = postSolution
		SolutionGuid = {9E5AE421-08A8-4EBA-869A-5B610261DAA7}
	EndGlobalSection
EndGlobal
