
Microsoft Visual Studio Solution File, Format Version 12.00
# Visual Studio Version 17
VisualStudioVersion = 17.10.34818.151
MinimumVisualStudioVersion = 10.0.40219.1
Project("{FAE04EC0-301F-11D3-BF4B-00C04F79EFBC}") = "FindErrorLock", "FindErrorLock.csproj", "{E90735AA-8722-4F8A-BAB3-BAB365FEA756}"
EndProject
Global
	GlobalSection(SolutionConfigurationPlatforms) = preSolution
		Debug|Any CPU = Debug|Any CPU
		Release|Any CPU = Release|Any CPU
	EndGlobalSection
	GlobalSection(ProjectConfigurationPlatforms) = postSolution
		{E90735AA-8722-4F8A-BAB3-BAB365FEA756}.Debug|Any CPU.ActiveCfg = Debug|Any CPU
		{E90735AA-8722-4F8A-BAB3-BAB365FEA756}.Debug|Any CPU.Build.0 = Debug|Any CPU
		{E90735AA-8722-4F8A-BAB3-BAB365FEA756}.Release|Any CPU.ActiveCfg = Release|Any CPU
		{E90735AA-8722-4F8A-BAB3-BAB365FEA756}.Release|Any CPU.Build.0 = Release|Any CPU
	EndGlobalSection
	GlobalSection(SolutionProperties) = preSolution
		HideSolutionNode = FALSE
	EndGlobalSection
	GlobalSection(ExtensibilityGlobals) = postSolution
		SolutionGuid = {D8513603-8E5D-4FA6-9FAD-680A04993D7B}
	EndGlobalSection
EndGlobal
