
Microsoft Visual Studio Solution File, Format Version 12.00
# Visual Studio Version 17
VisualStudioVersion = 17.10.34902.84
MinimumVisualStudioVersion = 10.0.40219.1
Project("{FAE04EC0-301F-11D3-BF4B-00C04F79EFBC}") = "Delegatstuff", "Delegatstuff.csproj", "{21626160-1BC3-4F35-B9C1-2241E19FABA2}"
EndProject
Global
	GlobalSection(SolutionConfigurationPlatforms) = preSolution
		Debug|Any CPU = Debug|Any CPU
		Release|Any CPU = Release|Any CPU
	EndGlobalSection
	GlobalSection(ProjectConfigurationPlatforms) = postSolution
		{21626160-1BC3-4F35-B9C1-2241E19FABA2}.Debug|Any CPU.ActiveCfg = Debug|Any CPU
		{21626160-1BC3-4F35-B9C1-2241E19FABA2}.Debug|Any CPU.Build.0 = Debug|Any CPU
		{21626160-1BC3-4F35-B9C1-2241E19FABA2}.Release|Any CPU.ActiveCfg = Release|Any CPU
		{21626160-1BC3-4F35-B9C1-2241E19FABA2}.Release|Any CPU.Build.0 = Release|Any CPU
	EndGlobalSection
	GlobalSection(SolutionProperties) = preSolution
		HideSolutionNode = FALSE
	EndGlobalSection
	GlobalSection(ExtensibilityGlobals) = postSolution
		SolutionGuid = {BDEC9C69-1F3F-41B4-A153-385F8811C0F1}
	EndGlobalSection
EndGlobal
