
Microsoft Visual Studio Solution File, Format Version 12.00
# Visual Studio Version 17
VisualStudioVersion = 17.10.34902.84
MinimumVisualStudioVersion = 10.0.40219.1
Project("{FAE04EC0-301F-11D3-BF4B-00C04F79EFBC}") = "AnimalStuff", "AnimalStuff.csproj", "{3643A1F2-CB0A-496E-BDC0-AC823C79128F}"
EndProject
Global
	GlobalSection(SolutionConfigurationPlatforms) = preSolution
		Debug|Any CPU = Debug|Any CPU
		Release|Any CPU = Release|Any CPU
	EndGlobalSection
	GlobalSection(ProjectConfigurationPlatforms) = postSolution
		{3643A1F2-CB0A-496E-BDC0-AC823C79128F}.Debug|Any CPU.ActiveCfg = Debug|Any CPU
		{3643A1F2-CB0A-496E-BDC0-AC823C79128F}.Debug|Any CPU.Build.0 = Debug|Any CPU
		{3643A1F2-CB0A-496E-BDC0-AC823C79128F}.Release|Any CPU.ActiveCfg = Release|Any CPU
		{3643A1F2-CB0A-496E-BDC0-AC823C79128F}.Release|Any CPU.Build.0 = Release|Any CPU
	EndGlobalSection
	GlobalSection(SolutionProperties) = preSolution
		HideSolutionNode = FALSE
	EndGlobalSection
	GlobalSection(ExtensibilityGlobals) = postSolution
		SolutionGuid = {034F56F0-D181-42CF-80D5-3CE06516DB47}
	EndGlobalSection
EndGlobal
