
Microsoft Visual Studio Solution File, Format Version 12.00
# Visual Studio Version 17
VisualStudioVersion = 17.10.34902.84
MinimumVisualStudioVersion = 10.0.40219.1
Project("{FAE04EC0-301F-11D3-BF4B-00C04F79EFBC}") = "Basketballstuff", "Basketballstuff.csproj", "{1368BE73-58DB-4F3F-8262-F8EA58C7416B}"
EndProject
Global
	GlobalSection(SolutionConfigurationPlatforms) = preSolution
		Debug|Any CPU = Debug|Any CPU
		Release|Any CPU = Release|Any CPU
	EndGlobalSection
	GlobalSection(ProjectConfigurationPlatforms) = postSolution
		{1368BE73-58DB-4F3F-8262-F8EA58C7416B}.Debug|Any CPU.ActiveCfg = Debug|Any CPU
		{1368BE73-58DB-4F3F-8262-F8EA58C7416B}.Debug|Any CPU.Build.0 = Debug|Any CPU
		{1368BE73-58DB-4F3F-8262-F8EA58C7416B}.Release|Any CPU.ActiveCfg = Release|Any CPU
		{1368BE73-58DB-4F3F-8262-F8EA58C7416B}.Release|Any CPU.Build.0 = Release|Any CPU
	EndGlobalSection
	GlobalSection(SolutionProperties) = preSolution
		HideSolutionNode = FALSE
	EndGlobalSection
	GlobalSection(ExtensibilityGlobals) = postSolution
		SolutionGuid = {9A6FFD2E-DEDA-4662-B69D-6E005516DF1B}
	EndGlobalSection
EndGlobal
