
Microsoft Visual Studio Solution File, Format Version 12.00
# Visual Studio Version 17
VisualStudioVersion = 17.10.34818.151
MinimumVisualStudioVersion = 10.0.40219.1
Project("{FAE04EC0-301F-11D3-BF4B-00C04F79EFBC}") = "AvgTemp", "AvgTemp.csproj", "{59AE60BC-5908-417D-BC96-D49A4DB448FE}"
EndProject
Global
	GlobalSection(SolutionConfigurationPlatforms) = preSolution
		Debug|Any CPU = Debug|Any CPU
		Release|Any CPU = Release|Any CPU
	EndGlobalSection
	GlobalSection(ProjectConfigurationPlatforms) = postSolution
		{59AE60BC-5908-417D-BC96-D49A4DB448FE}.Debug|Any CPU.ActiveCfg = Debug|Any CPU
		{59AE60BC-5908-417D-BC96-D49A4DB448FE}.Debug|Any CPU.Build.0 = Debug|Any CPU
		{59AE60BC-5908-417D-BC96-D49A4DB448FE}.Release|Any CPU.ActiveCfg = Release|Any CPU
		{59AE60BC-5908-417D-BC96-D49A4DB448FE}.Release|Any CPU.Build.0 = Release|Any CPU
	EndGlobalSection
	GlobalSection(SolutionProperties) = preSolution
		HideSolutionNode = FALSE
	EndGlobalSection
	GlobalSection(ExtensibilityGlobals) = postSolution
		SolutionGuid = {EEB34D72-9F7E-42CB-BD4C-71ABC72F5A3B}
	EndGlobalSection
EndGlobal
