
Microsoft Visual Studio Solution File, Format Version 12.00
# Visual Studio Version 17
VisualStudioVersion = 17.10.34825.169
MinimumVisualStudioVersion = 10.0.40219.1
Project("{FAE04EC0-301F-11D3-BF4B-00C04F79EFBC}") = "MathTests", "MathTests\MathTests.csproj", "{C48519EF-2ACC-4165-9869-4076C3A94FB3}"
EndProject
Project("{FAE04EC0-301F-11D3-BF4B-00C04F79EFBC}") = "Tests", "Tests\Tests.csproj", "{1B4AD059-3109-462D-A3E1-C1B6A9EB1681}"
EndProject
Global
	GlobalSection(SolutionConfigurationPlatforms) = preSolution
		Debug|Any CPU = Debug|Any CPU
		Release|Any CPU = Release|Any CPU
	EndGlobalSection
	GlobalSection(ProjectConfigurationPlatforms) = postSolution
		{C48519EF-2ACC-4165-9869-4076C3A94FB3}.Debug|Any CPU.ActiveCfg = Debug|Any CPU
		{C48519EF-2ACC-4165-9869-4076C3A94FB3}.Debug|Any CPU.Build.0 = Debug|Any CPU
		{C48519EF-2ACC-4165-9869-4076C3A94FB3}.Release|Any CPU.ActiveCfg = Release|Any CPU
		{C48519EF-2ACC-4165-9869-4076C3A94FB3}.Release|Any CPU.Build.0 = Release|Any CPU
		{1B4AD059-3109-462D-A3E1-C1B6A9EB1681}.Debug|Any CPU.ActiveCfg = Debug|Any CPU
		{1B4AD059-3109-462D-A3E1-C1B6A9EB1681}.Debug|Any CPU.Build.0 = Debug|Any CPU
		{1B4AD059-3109-462D-A3E1-C1B6A9EB1681}.Release|Any CPU.ActiveCfg = Release|Any CPU
		{1B4AD059-3109-462D-A3E1-C1B6A9EB1681}.Release|Any CPU.Build.0 = Release|Any CPU
	EndGlobalSection
	GlobalSection(SolutionProperties) = preSolution
		HideSolutionNode = FALSE
	EndGlobalSection
	GlobalSection(ExtensibilityGlobals) = postSolution
		SolutionGuid = {172640C4-754F-4ADA-B5CC-2B27244F8F55}
	EndGlobalSection
EndGlobal
