
Microsoft Visual Studio Solution File, Format Version 12.00
# Visual Studio Version 17
VisualStudioVersion = 17.10.34825.169
MinimumVisualStudioVersion = 10.0.40219.1
Project("{FAE04EC0-301F-11D3-BF4B-00C04F79EFBC}") = "SubStringStuff", "SubStringStuff.csproj", "{8BA44DB0-7C74-44E9-B9FA-44FFF7D559A8}"
EndProject
Global
	GlobalSection(SolutionConfigurationPlatforms) = preSolution
		Debug|Any CPU = Debug|Any CPU
		Release|Any CPU = Release|Any CPU
	EndGlobalSection
	GlobalSection(ProjectConfigurationPlatforms) = postSolution
		{8BA44DB0-7C74-44E9-B9FA-44FFF7D559A8}.Debug|Any CPU.ActiveCfg = Debug|Any CPU
		{8BA44DB0-7C74-44E9-B9FA-44FFF7D559A8}.Debug|Any CPU.Build.0 = Debug|Any CPU
		{8BA44DB0-7C74-44E9-B9FA-44FFF7D559A8}.Release|Any CPU.ActiveCfg = Release|Any CPU
		{8BA44DB0-7C74-44E9-B9FA-44FFF7D559A8}.Release|Any CPU.Build.0 = Release|Any CPU
	EndGlobalSection
	GlobalSection(SolutionProperties) = preSolution
		HideSolutionNode = FALSE
	EndGlobalSection
	GlobalSection(ExtensibilityGlobals) = postSolution
		SolutionGuid = {CFEFDC05-F220-427F-BCE1-08641AB43309}
	EndGlobalSection
EndGlobal
