
Microsoft Visual Studio Solution File, Format Version 12.00
# Visual Studio Version 17
VisualStudioVersion = 17.10.34902.84
MinimumVisualStudioVersion = 10.0.40219.1
Project("{FAE04EC0-301F-11D3-BF4B-00C04F79EFBC}") = "deleniebez", "deleniebez.csproj", "{76D2C155-2CEC-4491-AC91-70D7DB092104}"
EndProject
Global
	GlobalSection(SolutionConfigurationPlatforms) = preSolution
		Debug|Any CPU = Debug|Any CPU
		Release|Any CPU = Release|Any CPU
	EndGlobalSection
	GlobalSection(ProjectConfigurationPlatforms) = postSolution
		{76D2C155-2CEC-4491-AC91-70D7DB092104}.Debug|Any CPU.ActiveCfg = Debug|Any CPU
		{76D2C155-2CEC-4491-AC91-70D7DB092104}.Debug|Any CPU.Build.0 = Debug|Any CPU
		{76D2C155-2CEC-4491-AC91-70D7DB092104}.Release|Any CPU.ActiveCfg = Release|Any CPU
		{76D2C155-2CEC-4491-AC91-70D7DB092104}.Release|Any CPU.Build.0 = Release|Any CPU
	EndGlobalSection
	GlobalSection(SolutionProperties) = preSolution
		HideSolutionNode = FALSE
	EndGlobalSection
	GlobalSection(ExtensibilityGlobals) = postSolution
		SolutionGuid = {3B1A0CC4-E1AE-4ABD-ABC0-7AED103BCEB2}
	EndGlobalSection
EndGlobal
