
Microsoft Visual Studio Solution File, Format Version 12.00
# Visual Studio Version 17
VisualStudioVersion = 17.10.34825.169
MinimumVisualStudioVersion = 10.0.40219.1
Project("{FAE04EC0-301F-11D3-BF4B-00C04F79EFBC}") = "SortList", "SortList.csproj", "{A261526B-A245-4F5B-8D7E-64D0905703C7}"
EndProject
Global
	GlobalSection(SolutionConfigurationPlatforms) = preSolution
		Debug|Any CPU = Debug|Any CPU
		Release|Any CPU = Release|Any CPU
	EndGlobalSection
	GlobalSection(ProjectConfigurationPlatforms) = postSolution
		{A261526B-A245-4F5B-8D7E-64D0905703C7}.Debug|Any CPU.ActiveCfg = Debug|Any CPU
		{A261526B-A245-4F5B-8D7E-64D0905703C7}.Debug|Any CPU.Build.0 = Debug|Any CPU
		{A261526B-A245-4F5B-8D7E-64D0905703C7}.Release|Any CPU.ActiveCfg = Release|Any CPU
		{A261526B-A245-4F5B-8D7E-64D0905703C7}.Release|Any CPU.Build.0 = Release|Any CPU
	EndGlobalSection
	GlobalSection(SolutionProperties) = preSolution
		HideSolutionNode = FALSE
	EndGlobalSection
	GlobalSection(ExtensibilityGlobals) = postSolution
		SolutionGuid = {97277747-FAA6-4C98-9285-B0319D4F79FC}
	EndGlobalSection
EndGlobal
